{
    "version": 3,
    "terraform_version": "0.11.7",
    "serial": 7,
    "lineage": "7b53933d-9c0a-1d3f-370c-b4200d91b085",
    "modules": [
        {
            "path": [
                "root"
            ],
            "outputs": {},
            "resources": {
                "aws_instance.hasura_benchmarker": {
                    "type": "aws_instance",
                    "depends_on": [
                        "aws_security_group.graphql_bench"
                    ],
                    "primary": {
                        "id": "i-0a664c9892fe4ac17",
                        "attributes": {
                            "ami": "ami-d2f489aa",
                            "associate_public_ip_address": "true",
                            "availability_zone": "us-west-2a",
                            "credit_specification.#": "1",
                            "credit_specification.0.cpu_credits": "standard",
                            "disable_api_termination": "false",
                            "ebs_block_device.#": "1",
                            "ebs_block_device.504524833.delete_on_termination": "true",
                            "ebs_block_device.504524833.device_name": "/dev/xvdcz",
                            "ebs_block_device.504524833.encrypted": "false",
                            "ebs_block_device.504524833.iops": "100",
                            "ebs_block_device.504524833.snapshot_id": "",
                            "ebs_block_device.504524833.volume_id": "vol-0aa7ff56aab9a819b",
                            "ebs_block_device.504524833.volume_size": "22",
                            "ebs_block_device.504524833.volume_type": "gp2",
                            "ebs_optimized": "false",
                            "ephemeral_block_device.#": "0",
                            "get_password_data": "false",
                            "iam_instance_profile": "",
                            "id": "i-0a664c9892fe4ac17",
                            "instance_state": "running",
                            "instance_type": "t2.micro",
                            "ipv6_addresses.#": "0",
                            "key_name": "aws-bench",
                            "monitoring": "false",
                            "network_interface.#": "0",
                            "network_interface_id": "eni-7fe42a44",
                            "password_data": "",
                            "placement_group": "",
                            "primary_network_interface_id": "eni-7fe42a44",
                            "private_dns": "ip-172-31-24-52.us-west-2.compute.internal",
                            "private_ip": "172.31.24.52",
                            "public_dns": "ec2-34-219-132-220.us-west-2.compute.amazonaws.com",
                            "public_ip": "34.219.132.220",
                            "root_block_device.#": "1",
                            "root_block_device.0.delete_on_termination": "true",
                            "root_block_device.0.iops": "100",
                            "root_block_device.0.volume_id": "vol-04d81456fbaf6b67c",
                            "root_block_device.0.volume_size": "8",
                            "root_block_device.0.volume_type": "gp2",
                            "security_groups.#": "1",
                            "security_groups.1172534198": "graphql_bench",
                            "source_dest_check": "true",
                            "subnet_id": "subnet-3ef06b58",
                            "tags.%": "1",
                            "tags.Name": "hasura_benchmarker",
                            "tenancy": "default",
                            "user_data": "afe1ea1261db6ecf00625936d9d1446099ee1ca1",
                            "volume_tags.%": "0",
                            "vpc_security_group_ids.#": "1",
                            "vpc_security_group_ids.134137564": "sg-0b15787b"
                        },
                        "meta": {
                            "e2bfb730-ecaa-11e6-8f88-34363bc7c4c0": {
                                "create": 600000000000,
                                "delete": 1200000000000,
                                "update": 600000000000
                            },
                            "schema_version": "1"
                        },
                        "tainted": false
                    },
                    "deposed": [],
                    "provider": "provider.aws"
                },
                "aws_instance.hasura_graphql_engine": {
                    "type": "aws_instance",
                    "depends_on": [
                        "aws_security_group.graphql_bench"
                    ],
                    "primary": {
                        "id": "i-0b25738da6abd511d",
                        "attributes": {
                            "ami": "ami-d2f489aa",
                            "associate_public_ip_address": "true",
                            "availability_zone": "us-west-2a",
                            "credit_specification.#": "1",
                            "credit_specification.0.cpu_credits": "standard",
                            "disable_api_termination": "false",
                            "ebs_block_device.#": "1",
                            "ebs_block_device.504524833.delete_on_termination": "true",
                            "ebs_block_device.504524833.device_name": "/dev/xvdcz",
                            "ebs_block_device.504524833.encrypted": "false",
                            "ebs_block_device.504524833.iops": "100",
                            "ebs_block_device.504524833.snapshot_id": "",
                            "ebs_block_device.504524833.volume_id": "vol-0795b109b0ba00342",
                            "ebs_block_device.504524833.volume_size": "22",
                            "ebs_block_device.504524833.volume_type": "gp2",
                            "ebs_optimized": "false",
                            "ephemeral_block_device.#": "0",
                            "get_password_data": "false",
                            "iam_instance_profile": "",
                            "id": "i-0b25738da6abd511d",
                            "instance_state": "running",
                            "instance_type": "t2.micro",
                            "ipv6_addresses.#": "0",
                            "key_name": "aws-bench",
                            "monitoring": "false",
                            "network_interface.#": "0",
                            "network_interface_id": "eni-dbe42ae0",
                            "password_data": "",
                            "placement_group": "",
                            "primary_network_interface_id": "eni-dbe42ae0",
                            "private_dns": "ip-172-31-17-194.us-west-2.compute.internal",
                            "private_ip": "172.31.17.194",
                            "public_dns": "ec2-54-212-4-121.us-west-2.compute.amazonaws.com",
                            "public_ip": "54.212.4.121",
                            "root_block_device.#": "1",
                            "root_block_device.0.delete_on_termination": "true",
                            "root_block_device.0.iops": "100",
                            "root_block_device.0.volume_id": "vol-0fa9da456870ae495",
                            "root_block_device.0.volume_size": "8",
                            "root_block_device.0.volume_type": "gp2",
                            "security_groups.#": "1",
                            "security_groups.1172534198": "graphql_bench",
                            "source_dest_check": "true",
                            "subnet_id": "subnet-3ef06b58",
                            "tags.%": "1",
                            "tags.Name": "hasura_graphql_engine",
                            "tenancy": "default",
                            "user_data": "afe1ea1261db6ecf00625936d9d1446099ee1ca1",
                            "volume_tags.%": "0",
                            "vpc_security_group_ids.#": "1",
                            "vpc_security_group_ids.134137564": "sg-0b15787b"
                        },
                        "meta": {
                            "e2bfb730-ecaa-11e6-8f88-34363bc7c4c0": {
                                "create": 600000000000,
                                "delete": 1200000000000,
                                "update": 600000000000
                            },
                            "schema_version": "1"
                        },
                        "tainted": false
                    },
                    "deposed": [],
                    "provider": "provider.aws"
                },
                "aws_instance.hasura_postgres": {
                    "type": "aws_instance",
                    "depends_on": [
                        "aws_security_group.graphql_bench"
                    ],
                    "primary": {
                        "id": "i-097f28165b9b3c67b",
                        "attributes": {
                            "ami": "ami-d2f489aa",
                            "associate_public_ip_address": "true",
                            "availability_zone": "us-west-2a",
                            "credit_specification.#": "1",
                            "credit_specification.0.cpu_credits": "standard",
                            "disable_api_termination": "false",
                            "ebs_block_device.#": "1",
                            "ebs_block_device.504524833.delete_on_termination": "true",
                            "ebs_block_device.504524833.device_name": "/dev/xvdcz",
                            "ebs_block_device.504524833.encrypted": "false",
                            "ebs_block_device.504524833.iops": "100",
                            "ebs_block_device.504524833.snapshot_id": "",
                            "ebs_block_device.504524833.volume_id": "vol-0bae3ad40ea9ca4ac",
                            "ebs_block_device.504524833.volume_size": "22",
                            "ebs_block_device.504524833.volume_type": "gp2",
                            "ebs_optimized": "false",
                            "ephemeral_block_device.#": "0",
                            "get_password_data": "false",
                            "iam_instance_profile": "",
                            "id": "i-097f28165b9b3c67b",
                            "instance_state": "running",
                            "instance_type": "t2.micro",
                            "ipv6_addresses.#": "0",
                            "key_name": "aws-bench",
                            "monitoring": "false",
                            "network_interface.#": "0",
                            "network_interface_id": "eni-61e32d5a",
                            "password_data": "",
                            "placement_group": "",
                            "primary_network_interface_id": "eni-61e32d5a",
                            "private_dns": "ip-172-31-24-217.us-west-2.compute.internal",
                            "private_ip": "172.31.24.217",
                            "public_dns": "ec2-54-245-202-206.us-west-2.compute.amazonaws.com",
                            "public_ip": "54.245.202.206",
                            "root_block_device.#": "1",
                            "root_block_device.0.delete_on_termination": "true",
                            "root_block_device.0.iops": "100",
                            "root_block_device.0.volume_id": "vol-07ae5279679f0e4e0",
                            "root_block_device.0.volume_size": "8",
                            "root_block_device.0.volume_type": "gp2",
                            "security_groups.#": "1",
                            "security_groups.1172534198": "graphql_bench",
                            "source_dest_check": "true",
                            "subnet_id": "subnet-3ef06b58",
                            "tags.%": "1",
                            "tags.Name": "hasura_postgres",
                            "tenancy": "default",
                            "user_data": "afe1ea1261db6ecf00625936d9d1446099ee1ca1",
                            "volume_tags.%": "0",
                            "vpc_security_group_ids.#": "1",
                            "vpc_security_group_ids.134137564": "sg-0b15787b"
                        },
                        "meta": {
                            "e2bfb730-ecaa-11e6-8f88-34363bc7c4c0": {
                                "create": 600000000000,
                                "delete": 1200000000000,
                                "update": 600000000000
                            },
                            "schema_version": "1"
                        },
                        "tainted": false
                    },
                    "deposed": [],
                    "provider": "provider.aws"
                },
                "aws_security_group.graphql_bench": {
                    "type": "aws_security_group",
                    "depends_on": [],
                    "primary": {
                        "id": "sg-0b15787b",
                        "attributes": {
                            "arn": "arn:aws:ec2:us-west-2:278348662807:security-group/sg-0b15787b",
                            "description": "Benchmarking group",
                            "egress.#": "1",
                            "egress.482069346.cidr_blocks.#": "1",
                            "egress.482069346.cidr_blocks.0": "0.0.0.0/0",
                            "egress.482069346.description": "",
                            "egress.482069346.from_port": "0",
                            "egress.482069346.ipv6_cidr_blocks.#": "0",
                            "egress.482069346.prefix_list_ids.#": "0",
                            "egress.482069346.protocol": "-1",
                            "egress.482069346.security_groups.#": "0",
                            "egress.482069346.self": "false",
                            "egress.482069346.to_port": "0",
                            "id": "sg-0b15787b",
                            "ingress.#": "2",
                            "ingress.2541437006.cidr_blocks.#": "1",
                            "ingress.2541437006.cidr_blocks.0": "0.0.0.0/0",
                            "ingress.2541437006.description": "",
                            "ingress.2541437006.from_port": "22",
                            "ingress.2541437006.ipv6_cidr_blocks.#": "0",
                            "ingress.2541437006.protocol": "tcp",
                            "ingress.2541437006.security_groups.#": "0",
                            "ingress.2541437006.self": "false",
                            "ingress.2541437006.to_port": "22",
                            "ingress.753360330.cidr_blocks.#": "0",
                            "ingress.753360330.description": "",
                            "ingress.753360330.from_port": "0",
                            "ingress.753360330.ipv6_cidr_blocks.#": "0",
                            "ingress.753360330.protocol": "-1",
                            "ingress.753360330.security_groups.#": "0",
                            "ingress.753360330.self": "true",
                            "ingress.753360330.to_port": "0",
                            "name": "graphql_bench",
                            "owner_id": "278348662807",
                            "revoke_rules_on_delete": "false",
                            "tags.%": "1",
                            "tags.Name": "allow_ssh",
                            "vpc_id": "vpc-95782cf3"
                        },
                        "meta": {
                            "e2bfb730-ecaa-11e6-8f88-34363bc7c4c0": {
                                "create": 600000000000,
                                "delete": 600000000000
                            },
                            "schema_version": "1"
                        },
                        "tainted": false
                    },
                    "deposed": [],
                    "provider": "provider.aws"
                }
            },
            "depends_on": []
        }
    ]
}
